// !$*UTF8*$!
{
	archiveVersion = 1;
	classes = {
	};
	objectVersion = 46;
	objects = {

/* Begin PBXBuildFile section */
		58A319E7157930F200FCD9E5 /* Cocoa.framework in Frameworks */ = {isa = PBXBuildFile; fileRef = 58A319E6157930F200FCD9E5 /* Cocoa.framework */; };
		58A319F1157930F200FCD9E5 /* InfoPlist.strings in Resources */ = {isa = PBXBuildFile; fileRef = 58A319EF157930F200FCD9E5 /* InfoPlist.strings */; };
		58A319F3157930F200FCD9E5 /* main.m in Sources */ = {isa = PBXBuildFile; fileRef = 58A319F2157930F200FCD9E5 /* main.m */; };
		58A319F7157930F200FCD9E5 /* Credits.rtf in Resources */ = {isa = PBXBuildFile; fileRef = 58A319F5157930F200FCD9E5 /* Credits.rtf */; };
		58A319FA157930F200FCD9E5 /* DWAppDelegate.m in Sources */ = {isa = PBXBuildFile; fileRef = 58A319F9157930F200FCD9E5 /* DWAppDelegate.m */; };
		58A319FD157930F200FCD9E5 /* MainMenu.xib in Resources */ = {isa = PBXBuildFile; fileRef = 58A319FB157930F200FCD9E5 /* MainMenu.xib */; };
/* End PBXBuildFile section */

/* Begin PBXFileReference section */
		58A319E2157930F200FCD9E5 /* DWClockingTest02.app */ = {isa = PBXFileReference; explicitFileType = wrapper.application; includeInIndex = 0; path = DWClockingTest02.app; sourceTree = BUILT_PRODUCTS_DIR; };
		58A319E6157930F200FCD9E5 /* Cocoa.framework */ = {isa = PBXFileReference; lastKnownFileType = wrapper.framework; name = Cocoa.framework; path = System/Library/Frameworks/Cocoa.framework; sourceTree = SDKROOT; };
		58A319E9157930F200FCD9E5 /* AppKit.framework */ = {isa = PBXFileReference; lastKnownFileType = wrapper.framework; name = AppKit.framework; path = System/Library/Frameworks/AppKit.framework; sourceTree = SDKROOT; };
		58A319EA157930F200FCD9E5 /* CoreData.framework */ = {isa = PBXFileReference; lastKnownFileType = wrapper.framework; name = CoreData.framework; path = System/Library/Frameworks/CoreData.framework; sourceTree = SDKROOT; };
		58A319EB157930F200FCD9E5 /* Foundation.framework */ = {isa = PBXFileReference; lastKnownFileType = wrapper.framework; name = Foundation.framework; path = System/Library/Frameworks/Foundation.framework; sourceTree = SDKROOT; };
		58A319EE157930F200FCD9E5 /* DWClockingTest02-Info.plist */ = {isa = PBXFileReference; path = "DWClockingTest02-Info.plist"; sourceTree = "<group>"; };
		58A319F0157930F200FCD9E5 /* en */ = {isa = PBXFileReference; lastKnownFileType = text.plist.strings; name = en; path = en.lproj/InfoPlist.strings; sourceTree = "<group>"; };
		58A319F2157930F200FCD9E5 /* main.m */ = {isa = PBXFileReference; lastKnownFileType = sourcecode.c.objc; path = main.m; sourceTree = "<group>"; };
		58A319F4157930F200FCD9E5 /* DWClockingTest02-Prefix.pch */ = {isa = PBXFileReference; path = "DWClockingTest02-Prefix.pch"; sourceTree = "<group>"; };
		58A319F6157930F200FCD9E5 /* en */ = {isa = PBXFileReference; lastKnownFileType = text.rtf; name = en; path = en.lproj/Credits.rtf; sourceTree = "<group>"; };
		58A319F8157930F200FCD9E5 /* DWAppDelegate.h */ = {isa = PBXFileReference; path = DWAppDelegate.h; sourceTree = "<group>"; };
		58A319F9157930F200FCD9E5 /* DWAppDelegate.m */ = {isa = PBXFileReference; lastKnownFileType = sourcecode.c.objc; path = DWAppDelegate.m; sourceTree = "<group>"; };
		58A319FC157930F200FCD9E5 /* en */ = {isa = PBXFileReference; lastKnownFileType = file.xib; name = en; path = en.lproj/MainMenu.xib; sourceTree = "<group>"; };
/* End PBXFileReference section */

/* Begin PBXFrameworksBuildPhase section */
		58A319DF157930F200FCD9E5 /* Frameworks */ = {
			isa = PBXFrameworksBuildPhase;
			buildActionMask = 2147483647;
			files = (
				58A319E7157930F200FCD9E5 /* Cocoa.framework in Frameworks */,
			);
			runOnlyForDeploymentPostprocessing = 0;
		};
/* End PBXFrameworksBuildPhase section */

/* Begin PBXGroup section */
		58A319D7157930F200FCD9E5 = {
			isa = PBXGroup;
			children = (
				58A319EC157930F200FCD9E5 /* DWClockingTest02 */,
				58A319E5157930F200FCD9E5 /* Frameworks */,
				58A319E3157930F200FCD9E5 /* Products */,
			);
			sourceTree = "<group>";
		};
		58A319E3157930F200FCD9E5 /* Products */ = {
			isa = PBXGroup;
			children = (
				58A319E2157930F200FCD9E5 /* DWClockingTest02.app */,
			);
			name = Products;
			sourceTree = "<group>";
		};
		58A319E5157930F200FCD9E5 /* Frameworks */ = {
			isa = PBXGroup;
			children = (
				58A319E6157930F200FCD9E5 /* Cocoa.framework */,
				58A319E8157930F200FCD9E5 /* Other Frameworks */,
			);
			name = Frameworks;
			sourceTree = "<group>";
		};
		58A319E8157930F200FCD9E5 /* Other Frameworks */ = {
			isa = PBXGroup;
			children = (
				58A319E9157930F200FCD9E5 /* AppKit.framework */,
				58A319EA157930F200FCD9E5 /* CoreData.framework */,
				58A319EB157930F200FCD9E5 /* Foundation.framework */,
			);
			name = "Other Frameworks";
			sourceTree = "<group>";
		};
		58A319EC157930F200FCD9E5 /* DWClockingTest02 */ = {
			isa = PBXGroup;
			children = (
				58A319F8157930F200FCD9E5 /* DWAppDelegate.h */,
				58A319F9157930F200FCD9E5 /* DWAppDelegate.m */,
				58A319FB157930F200FCD9E5 /* MainMenu.xib */,
				58A319ED157930F200FCD9E5 /* Supporting Files */,
			);
			path = DWClockingTest02;
			sourceTree = "<group>";
		};
		58A319ED157930F200FCD9E5 /* Supporting Files */ = {
			isa = PBXGroup;
			children = (
				58A319EE157930F200FCD9E5 /* DWClockingTest02-Info.plist */,
				58A319EF157930F200FCD9E5 /* InfoPlist.strings */,
				58A319F2157930F200FCD9E5 /* main.m */,
				58A319F4157930F200FCD9E5 /* DWClockingTest02-Prefix.pch */,
				58A319F5157930F200FCD9E5 /* Credits.rtf */,
			);
			name = "Supporting Files";
			sourceTree = "<group>";
		};
/* End PBXGroup section */

/* Begin PBXNativeTarget section */
		58A319E1157930F200FCD9E5 /* DWClockingTest02 */ = {
			isa = PBXNativeTarget;
			buildConfigurationList = 58A31A00157930F200FCD9E5 /* Build configuration list for PBXNativeTarget "DWClockingTest02" */;
			buildPhases = (
				58A319DE157930F200FCD9E5 /* Sources */,
				58A319DF157930F200FCD9E5 /* Frameworks */,
				58A319E0157930F200FCD9E5 /* Resources */,
			);
			buildRules = (
			);
			dependencies = (
			);
			name = DWClockingTest02;
			productName = DWClockingTest02;
			productReference = 58A319E2157930F200FCD9E5 /* DWClockingTest02.app */;
			productType = "com.apple.product-type.application";
		};
/* End PBXNativeTarget section */

/* Begin PBXProject section */
		58A319D9157930F200FCD9E5 /* Project object */ = {
			isa = PBXProject;
			attributes = {
				CLASSPREFIX = DW;
				LastUpgradeCheck = 0430;
				ORGANIZATIONNAME = Dubware;
			};
			buildConfigurationList = 58A319DC157930F200FCD9E5 /* Build configuration list for PBXProject "DWClockingTest02" */;
			compatibilityVersion = "Xcode 3.2";
			developmentRegion = English;
			hasScannedForEncodings = 0;
			knownRegions = (
				en,
			);
			mainGroup = 58A319D7157930F200FCD9E5;
			productRefGroup = 58A319E3157930F200FCD9E5 /* Products */;
			projectDirPath = "";
			projectRoot = "";
			targets = (
				58A319E1157930F200FCD9E5 /* DWClockingTest02 */,
			);
		};
/* End PBXProject section */

/* Begin PBXResourcesBuildPhase section */
		58A319E0157930F200FCD9E5 /* Resources */ = {
			isa = PBXResourcesBuildPhase;
			buildActionMask = 2147483647;
			files = (
				58A319F1157930F200FCD9E5 /* InfoPlist.strings in Resources */,
				58A319F7157930F200FCD9E5 /* Credits.rtf in Resources */,
				58A319FD157930F200FCD9E5 /* MainMenu.xib in Resources */,
			);
			runOnlyForDeploymentPostprocessing = 0;
		};
/* End PBXResourcesBuildPhase section */

/* Begin PBXSourcesBuildPhase section */
		58A319DE157930F200FCD9E5 /* Sources */ = {
			isa = PBXSourcesBuildPhase;
			buildActionMask = 2147483647;
			files = (
				58A319F3157930F200FCD9E5 /* main.m in Sources */,
				58A319FA157930F200FCD9E5 /* DWAppDelegate.m in Sources */,
			);
			runOnlyForDeploymentPostprocessing = 0;
		};
/* End PBXSourcesBuildPhase section */

/* Begin PBXVariantGroup section */
		58A319EF157930F200FCD9E5 /* InfoPlist.strings */ = {
			isa = PBXVariantGroup;
			children = (
				58A319F0157930F200FCD9E5 /* en */,
			);
			name = InfoPlist.strings;
			sourceTree = "<group>";
		};
		58A319F5157930F200FCD9E5 /* Credits.rtf */ = {
			isa = PBXVariantGroup;
			children = (
				58A319F6157930F200FCD9E5 /* en */,
			);
			name = Credits.rtf;
			sourceTree = "<group>";
		};
		58A319FB157930F200FCD9E5 /* MainMenu.xib */ = {
			isa = PBXVariantGroup;
			children = (
				58A319FC157930F200FCD9E5 /* en */,
			);
			name = MainMenu.xib;
			sourceTree = "<group>";
		};
/* End PBXVariantGroup section */

/* Begin XCBuildConfiguration section */
		58A319FE157930F200FCD9E5 /* Debug */ = {
			isa = XCBuildConfiguration;
			buildSettings = {
				ALWAYS_SEARCH_USER_PATHS = NO;
				ARCHS = "$(ARCHS_STANDARD_64_BIT)";
				CLANG_ENABLE_OBJC_ARC = YES;
				COPY_PHASE_STRIP = NO;
				GCC_C_LANGUAGE_STANDARD = gnu99;
				GCC_DYNAMIC_NO_PIC = NO;
				GCC_ENABLE_OBJC_EXCEPTIONS = YES;
				GCC_OPTIMIZATION_LEVEL = 0;
				GCC_PREPROCESSOR_DEFINITIONS = (
					"DEBUG=1",
					"$(inherited)",
				);
				GCC_SYMBOLS_PRIVATE_EXTERN = NO;
				GCC_VERSION = com.apple.compilers.llvm.clang.1_0;
				GCC_WARN_64_TO_32_BIT_CONVERSION = YES;
				GCC_WARN_ABOUT_RETURN_TYPE = YES;
				GCC_WARN_UNINITIALIZED_AUTOS = YES;
				GCC_WARN_UNUSED_VARIABLE = YES;
				MACOSX_DEPLOYMENT_TARGET = 10.7;
				ONLY_ACTIVE_ARCH = YES;
				SDKROOT = macosx;
			};
			name = Debug;
		};
		58A319FF157930F200FCD9E5 /* Release */ = {
			isa = XCBuildConfiguration;
			buildSettings = {
				ALWAYS_SEARCH_USER_PATHS = NO;
				ARCHS = "$(ARCHS_STANDARD_64_BIT)";
				CLANG_ENABLE_OBJC_ARC = YES;
				COPY_PHASE_STRIP = YES;
				DEBUG_INFORMATION_FORMAT = "dwarf-with-dsym";
				GCC_C_LANGUAGE_STANDARD = gnu99;
				GCC_ENABLE_OBJC_EXCEPTIONS = YES;
				GCC_VERSION = com.apple.compilers.llvm.clang.1_0;
				GCC_WARN_64_TO_32_BIT_CONVERSION = YES;
				GCC_WARN_ABOUT_RETURN_TYPE = YES;
				GCC_WARN_UNINITIALIZED_AUTOS = YES;
				GCC_WARN_UNUSED_VARIABLE = YES;
				MACOSX_DEPLOYMENT_TARGET = 10.7;
				SDKROOT = macosx;
			};
			name = Release;
		};
		58A31A01157930F200FCD9E5 /* Debug */ = {
			isa = XCBuildConfiguration;
			buildSettings = {
				GCC_PRECOMPILE_PREFIX_HEADER = YES;
				GCC_PREFIX_HEADER = "DWClockingTest02/DWClockingTest02-Prefix.pch";
				INFOPLIST_FILE = "DWClockingTest02/DWClockingTest02-Info.plist";
				PRODUCT_NAME = "$(TARGET_NAME)";
				WRAPPER_EXTENSION = app;
			};
			name = Debug;
		};
		58A31A02157930F200FCD9E5 /* Release */ = {
			isa = XCBuildConfiguration;
			buildSettings = {
				GCC_PRECOMPILE_PREFIX_HEADER = YES;
				GCC_PREFIX_HEADER = "DWClockingTest02/DWClockingTest02-Prefix.pch";
				INFOPLIST_FILE = "DWClockingTest02/DWClockingTest02-Info.plist";
				PRODUCT_NAME = "$(TARGET_NAME)";
				WRAPPER_EXTENSION = app;
			};
			name = Release;
		};
/* End XCBuildConfiguration section */

/* Begin XCConfigurationList section */
		58A319DC157930F200FCD9E5 /* Build configuration list for PBXProject "DWClockingTest02" */ = {
			isa = XCConfigurationList;
			buildConfigurations = (
				58A319FE157930F200FCD9E5 /* Debug */,
				58A319FF157930F200FCD9E5 /* Release */,
			);
			defaultConfigurationIsVisible = 0;
			defaultConfigurationName = Release;
		};
		58A31A00157930F200FCD9E5 /* Build configuration list for PBXNativeTarget "DWClockingTest02" */ = {
			isa = XCConfigurationList;
			buildConfigurations = (
				58A31A01157930F200FCD9E5 /* Debug */,
				58A31A02157930F200FCD9E5 /* Release */,
			);
			defaultConfigurationIsVisible = 0;
		};
/* End XCConfigurationList section */
	};
	rootObject = 58A319D9157930F200FCD9E5 /* Project object */;
}
