// !$*UTF8*$!
{
	archiveVersion = 1;
	classes = {
	};
	objectVersion = 46;
	objects = {

/* Begin PBXBuildFile section */
		586EB2441590A27400F285D1 /* Cocoa.framework in Frameworks */ = {isa = PBXBuildFile; fileRef = 586EB2431590A27400F285D1 /* Cocoa.framework */; };
		586EB24E1590A27400F285D1 /* InfoPlist.strings in Resources */ = {isa = PBXBuildFile; fileRef = 586EB24C1590A27400F285D1 /* InfoPlist.strings */; };
		586EB2501590A27400F285D1 /* main.m in Sources */ = {isa = PBXBuildFile; fileRef = 586EB24F1590A27400F285D1 /* main.m */; };
		586EB2541590A27400F285D1 /* Credits.rtf in Resources */ = {isa = PBXBuildFile; fileRef = 586EB2521590A27400F285D1 /* Credits.rtf */; };
		586EB2571590A27400F285D1 /* DWAppDelegate.m in Sources */ = {isa = PBXBuildFile; fileRef = 586EB2561590A27400F285D1 /* DWAppDelegate.m */; };
		586EB25A1590A27400F285D1 /* MainMenu.xib in Resources */ = {isa = PBXBuildFile; fileRef = 586EB2581590A27400F285D1 /* MainMenu.xib */; };
		586EB2621590A43F00F285D1 /* DWPaintView.m in Sources */ = {isa = PBXBuildFile; fileRef = 586EB2611590A43F00F285D1 /* DWPaintView.m */; };
		586EB2641590BEC500F285D1 /* OpenGL.framework in Frameworks */ = {isa = PBXBuildFile; fileRef = 586EB2631590BEC500F285D1 /* OpenGL.framework */; };
		586EB2661590BECC00F285D1 /* CoreVideo.framework in Frameworks */ = {isa = PBXBuildFile; fileRef = 586EB2651590BECC00F285D1 /* CoreVideo.framework */; };
/* End PBXBuildFile section */

/* Begin PBXFileReference section */
		586EB23F1590A27400F285D1 /* BasicPaintTest01.app */ = {isa = PBXFileReference; explicitFileType = wrapper.application; includeInIndex = 0; path = BasicPaintTest01.app; sourceTree = BUILT_PRODUCTS_DIR; };
		586EB2431590A27400F285D1 /* Cocoa.framework */ = {isa = PBXFileReference; lastKnownFileType = wrapper.framework; name = Cocoa.framework; path = System/Library/Frameworks/Cocoa.framework; sourceTree = SDKROOT; };
		586EB2461590A27400F285D1 /* AppKit.framework */ = {isa = PBXFileReference; lastKnownFileType = wrapper.framework; name = AppKit.framework; path = System/Library/Frameworks/AppKit.framework; sourceTree = SDKROOT; };
		586EB2471590A27400F285D1 /* CoreData.framework */ = {isa = PBXFileReference; lastKnownFileType = wrapper.framework; name = CoreData.framework; path = System/Library/Frameworks/CoreData.framework; sourceTree = SDKROOT; };
		586EB2481590A27400F285D1 /* Foundation.framework */ = {isa = PBXFileReference; lastKnownFileType = wrapper.framework; name = Foundation.framework; path = System/Library/Frameworks/Foundation.framework; sourceTree = SDKROOT; };
		586EB24B1590A27400F285D1 /* BasicPaintTest01-Info.plist */ = {isa = PBXFileReference; lastKnownFileType = text.plist.xml; path = "BasicPaintTest01-Info.plist"; sourceTree = "<group>"; };
		586EB24D1590A27400F285D1 /* en */ = {isa = PBXFileReference; lastKnownFileType = text.plist.strings; name = en; path = en.lproj/InfoPlist.strings; sourceTree = "<group>"; };
		586EB24F1590A27400F285D1 /* main.m */ = {isa = PBXFileReference; lastKnownFileType = sourcecode.c.objc; path = main.m; sourceTree = "<group>"; };
		586EB2511590A27400F285D1 /* BasicPaintTest01-Prefix.pch */ = {isa = PBXFileReference; lastKnownFileType = sourcecode.c.h; path = "BasicPaintTest01-Prefix.pch"; sourceTree = "<group>"; };
		586EB2531590A27400F285D1 /* en */ = {isa = PBXFileReference; lastKnownFileType = text.rtf; name = en; path = en.lproj/Credits.rtf; sourceTree = "<group>"; };
		586EB2551590A27400F285D1 /* DWAppDelegate.h */ = {isa = PBXFileReference; lastKnownFileType = sourcecode.c.h; path = DWAppDelegate.h; sourceTree = "<group>"; };
		586EB2561590A27400F285D1 /* DWAppDelegate.m */ = {isa = PBXFileReference; lastKnownFileType = sourcecode.c.objc; path = DWAppDelegate.m; sourceTree = "<group>"; };
		586EB2591590A27400F285D1 /* en */ = {isa = PBXFileReference; lastKnownFileType = file.xib; name = en; path = en.lproj/MainMenu.xib; sourceTree = "<group>"; };
		586EB2601590A43F00F285D1 /* DWPaintView.h */ = {isa = PBXFileReference; fileEncoding = 4; lastKnownFileType = sourcecode.c.h; path = DWPaintView.h; sourceTree = "<group>"; };
		586EB2611590A43F00F285D1 /* DWPaintView.m */ = {isa = PBXFileReference; fileEncoding = 4; lastKnownFileType = sourcecode.c.objc; path = DWPaintView.m; sourceTree = "<group>"; };
		586EB2631590BEC500F285D1 /* OpenGL.framework */ = {isa = PBXFileReference; lastKnownFileType = wrapper.framework; name = OpenGL.framework; path = System/Library/Frameworks/OpenGL.framework; sourceTree = SDKROOT; };
		586EB2651590BECC00F285D1 /* CoreVideo.framework */ = {isa = PBXFileReference; lastKnownFileType = wrapper.framework; name = CoreVideo.framework; path = System/Library/Frameworks/CoreVideo.framework; sourceTree = SDKROOT; };
/* End PBXFileReference section */

/* Begin PBXFrameworksBuildPhase section */
		586EB23C1590A27400F285D1 /* Frameworks */ = {
			isa = PBXFrameworksBuildPhase;
			buildActionMask = 2147483647;
			files = (
				586EB2661590BECC00F285D1 /* CoreVideo.framework in Frameworks */,
				586EB2641590BEC500F285D1 /* OpenGL.framework in Frameworks */,
				586EB2441590A27400F285D1 /* Cocoa.framework in Frameworks */,
			);
			runOnlyForDeploymentPostprocessing = 0;
		};
/* End PBXFrameworksBuildPhase section */

/* Begin PBXGroup section */
		586EB2341590A27300F285D1 = {
			isa = PBXGroup;
			children = (
				586EB2651590BECC00F285D1 /* CoreVideo.framework */,
				586EB2631590BEC500F285D1 /* OpenGL.framework */,
				586EB2491590A27400F285D1 /* BasicPaintTest01 */,
				586EB2421590A27400F285D1 /* Frameworks */,
				586EB2401590A27400F285D1 /* Products */,
			);
			sourceTree = "<group>";
		};
		586EB2401590A27400F285D1 /* Products */ = {
			isa = PBXGroup;
			children = (
				586EB23F1590A27400F285D1 /* BasicPaintTest01.app */,
			);
			name = Products;
			sourceTree = "<group>";
		};
		586EB2421590A27400F285D1 /* Frameworks */ = {
			isa = PBXGroup;
			children = (
				586EB2431590A27400F285D1 /* Cocoa.framework */,
				586EB2451590A27400F285D1 /* Other Frameworks */,
			);
			name = Frameworks;
			sourceTree = "<group>";
		};
		586EB2451590A27400F285D1 /* Other Frameworks */ = {
			isa = PBXGroup;
			children = (
				586EB2461590A27400F285D1 /* AppKit.framework */,
				586EB2471590A27400F285D1 /* CoreData.framework */,
				586EB2481590A27400F285D1 /* Foundation.framework */,
			);
			name = "Other Frameworks";
			sourceTree = "<group>";
		};
		586EB2491590A27400F285D1 /* BasicPaintTest01 */ = {
			isa = PBXGroup;
			children = (
				586EB2551590A27400F285D1 /* DWAppDelegate.h */,
				586EB2561590A27400F285D1 /* DWAppDelegate.m */,
				586EB2581590A27400F285D1 /* MainMenu.xib */,
				586EB24A1590A27400F285D1 /* Supporting Files */,
				586EB2601590A43F00F285D1 /* DWPaintView.h */,
				586EB2611590A43F00F285D1 /* DWPaintView.m */,
			);
			path = BasicPaintTest01;
			sourceTree = "<group>";
		};
		586EB24A1590A27400F285D1 /* Supporting Files */ = {
			isa = PBXGroup;
			children = (
				586EB24B1590A27400F285D1 /* BasicPaintTest01-Info.plist */,
				586EB24C1590A27400F285D1 /* InfoPlist.strings */,
				586EB24F1590A27400F285D1 /* main.m */,
				586EB2511590A27400F285D1 /* BasicPaintTest01-Prefix.pch */,
				586EB2521590A27400F285D1 /* Credits.rtf */,
			);
			name = "Supporting Files";
			sourceTree = "<group>";
		};
/* End PBXGroup section */

/* Begin PBXNativeTarget section */
		586EB23E1590A27400F285D1 /* BasicPaintTest01 */ = {
			isa = PBXNativeTarget;
			buildConfigurationList = 586EB25D1590A27400F285D1 /* Build configuration list for PBXNativeTarget "BasicPaintTest01" */;
			buildPhases = (
				586EB23B1590A27400F285D1 /* Sources */,
				586EB23C1590A27400F285D1 /* Frameworks */,
				586EB23D1590A27400F285D1 /* Resources */,
			);
			buildRules = (
			);
			dependencies = (
			);
			name = BasicPaintTest01;
			productName = BasicPaintTest01;
			productReference = 586EB23F1590A27400F285D1 /* BasicPaintTest01.app */;
			productType = "com.apple.product-type.application";
		};
/* End PBXNativeTarget section */

/* Begin PBXProject section */
		586EB2361590A27300F285D1 /* Project object */ = {
			isa = PBXProject;
			attributes = {
				CLASSPREFIX = DW;
				LastUpgradeCheck = 0430;
				ORGANIZATIONNAME = Dubware;
			};
			buildConfigurationList = 586EB2391590A27300F285D1 /* Build configuration list for PBXProject "BasicPaintTest01" */;
			compatibilityVersion = "Xcode 3.2";
			developmentRegion = English;
			hasScannedForEncodings = 0;
			knownRegions = (
				en,
			);
			mainGroup = 586EB2341590A27300F285D1;
			productRefGroup = 586EB2401590A27400F285D1 /* Products */;
			projectDirPath = "";
			projectRoot = "";
			targets = (
				586EB23E1590A27400F285D1 /* BasicPaintTest01 */,
			);
		};
/* End PBXProject section */

/* Begin PBXResourcesBuildPhase section */
		586EB23D1590A27400F285D1 /* Resources */ = {
			isa = PBXResourcesBuildPhase;
			buildActionMask = 2147483647;
			files = (
				586EB24E1590A27400F285D1 /* InfoPlist.strings in Resources */,
				586EB2541590A27400F285D1 /* Credits.rtf in Resources */,
				586EB25A1590A27400F285D1 /* MainMenu.xib in Resources */,
			);
			runOnlyForDeploymentPostprocessing = 0;
		};
/* End PBXResourcesBuildPhase section */

/* Begin PBXSourcesBuildPhase section */
		586EB23B1590A27400F285D1 /* Sources */ = {
			isa = PBXSourcesBuildPhase;
			buildActionMask = 2147483647;
			files = (
				586EB2501590A27400F285D1 /* main.m in Sources */,
				586EB2571590A27400F285D1 /* DWAppDelegate.m in Sources */,
				586EB2621590A43F00F285D1 /* DWPaintView.m in Sources */,
			);
			runOnlyForDeploymentPostprocessing = 0;
		};
/* End PBXSourcesBuildPhase section */

/* Begin PBXVariantGroup section */
		586EB24C1590A27400F285D1 /* InfoPlist.strings */ = {
			isa = PBXVariantGroup;
			children = (
				586EB24D1590A27400F285D1 /* en */,
			);
			name = InfoPlist.strings;
			sourceTree = "<group>";
		};
		586EB2521590A27400F285D1 /* Credits.rtf */ = {
			isa = PBXVariantGroup;
			children = (
				586EB2531590A27400F285D1 /* en */,
			);
			name = Credits.rtf;
			sourceTree = "<group>";
		};
		586EB2581590A27400F285D1 /* MainMenu.xib */ = {
			isa = PBXVariantGroup;
			children = (
				586EB2591590A27400F285D1 /* en */,
			);
			name = MainMenu.xib;
			sourceTree = "<group>";
		};
/* End PBXVariantGroup section */

/* Begin XCBuildConfiguration section */
		586EB25B1590A27400F285D1 /* Debug */ = {
			isa = XCBuildConfiguration;
			buildSettings = {
				ALWAYS_SEARCH_USER_PATHS = NO;
				ARCHS = "$(ARCHS_STANDARD_64_BIT)";
				CLANG_ENABLE_OBJC_ARC = YES;
				COPY_PHASE_STRIP = NO;
				GCC_C_LANGUAGE_STANDARD = gnu99;
				GCC_DYNAMIC_NO_PIC = NO;
				GCC_ENABLE_OBJC_EXCEPTIONS = YES;
				GCC_OPTIMIZATION_LEVEL = 0;
				GCC_PREPROCESSOR_DEFINITIONS = (
					"DEBUG=1",
					"$(inherited)",
				);
				GCC_SYMBOLS_PRIVATE_EXTERN = NO;
				GCC_VERSION = com.apple.compilers.llvm.clang.1_0;
				GCC_WARN_64_TO_32_BIT_CONVERSION = YES;
				GCC_WARN_ABOUT_RETURN_TYPE = YES;
				GCC_WARN_UNINITIALIZED_AUTOS = YES;
				GCC_WARN_UNUSED_VARIABLE = YES;
				MACOSX_DEPLOYMENT_TARGET = 10.7;
				ONLY_ACTIVE_ARCH = YES;
				SDKROOT = macosx;
			};
			name = Debug;
		};
		586EB25C1590A27400F285D1 /* Release */ = {
			isa = XCBuildConfiguration;
			buildSettings = {
				ALWAYS_SEARCH_USER_PATHS = NO;
				ARCHS = "$(ARCHS_STANDARD_64_BIT)";
				CLANG_ENABLE_OBJC_ARC = YES;
				COPY_PHASE_STRIP = YES;
				DEBUG_INFORMATION_FORMAT = "dwarf-with-dsym";
				GCC_C_LANGUAGE_STANDARD = gnu99;
				GCC_ENABLE_OBJC_EXCEPTIONS = YES;
				GCC_VERSION = com.apple.compilers.llvm.clang.1_0;
				GCC_WARN_64_TO_32_BIT_CONVERSION = YES;
				GCC_WARN_ABOUT_RETURN_TYPE = YES;
				GCC_WARN_UNINITIALIZED_AUTOS = YES;
				GCC_WARN_UNUSED_VARIABLE = YES;
				MACOSX_DEPLOYMENT_TARGET = 10.7;
				SDKROOT = macosx;
			};
			name = Release;
		};
		586EB25E1590A27400F285D1 /* Debug */ = {
			isa = XCBuildConfiguration;
			buildSettings = {
				GCC_PRECOMPILE_PREFIX_HEADER = YES;
				GCC_PREFIX_HEADER = "BasicPaintTest01/BasicPaintTest01-Prefix.pch";
				INFOPLIST_FILE = "BasicPaintTest01/BasicPaintTest01-Info.plist";
				PRODUCT_NAME = "$(TARGET_NAME)";
				WRAPPER_EXTENSION = app;
			};
			name = Debug;
		};
		586EB25F1590A27400F285D1 /* Release */ = {
			isa = XCBuildConfiguration;
			buildSettings = {
				GCC_PRECOMPILE_PREFIX_HEADER = YES;
				GCC_PREFIX_HEADER = "BasicPaintTest01/BasicPaintTest01-Prefix.pch";
				INFOPLIST_FILE = "BasicPaintTest01/BasicPaintTest01-Info.plist";
				PRODUCT_NAME = "$(TARGET_NAME)";
				WRAPPER_EXTENSION = app;
			};
			name = Release;
		};
/* End XCBuildConfiguration section */

/* Begin XCConfigurationList section */
		586EB2391590A27300F285D1 /* Build configuration list for PBXProject "BasicPaintTest01" */ = {
			isa = XCConfigurationList;
			buildConfigurations = (
				586EB25B1590A27400F285D1 /* Debug */,
				586EB25C1590A27400F285D1 /* Release */,
			);
			defaultConfigurationIsVisible = 0;
			defaultConfigurationName = Release;
		};
		586EB25D1590A27400F285D1 /* Build configuration list for PBXNativeTarget "BasicPaintTest01" */ = {
			isa = XCConfigurationList;
			buildConfigurations = (
				586EB25E1590A27400F285D1 /* Debug */,
				586EB25F1590A27400F285D1 /* Release */,
			);
			defaultConfigurationIsVisible = 0;
		};
/* End XCConfigurationList section */
	};
	rootObject = 586EB2361590A27300F285D1 /* Project object */;
}
