// !$*UTF8*$!
{
	archiveVersion = 1;
	classes = {
	};
	objectVersion = 46;
	objects = {

/* Begin PBXBuildFile section */
		58BB62E3154B006A0084AAFB /* Cocoa.framework in Frameworks */ = {isa = PBXBuildFile; fileRef = 58BB62E2154B006A0084AAFB /* Cocoa.framework */; };
		58BB62ED154B006A0084AAFB /* InfoPlist.strings in Resources */ = {isa = PBXBuildFile; fileRef = 58BB62EB154B006A0084AAFB /* InfoPlist.strings */; };
		58BB62EF154B006A0084AAFB /* main.m in Sources */ = {isa = PBXBuildFile; fileRef = 58BB62EE154B006A0084AAFB /* main.m */; };
		58BB62F3154B006A0084AAFB /* Credits.rtf in Resources */ = {isa = PBXBuildFile; fileRef = 58BB62F1154B006A0084AAFB /* Credits.rtf */; };
		58BB62F6154B006A0084AAFB /* DWAppDelegate.m in Sources */ = {isa = PBXBuildFile; fileRef = 58BB62F5154B006A0084AAFB /* DWAppDelegate.m */; };
		58BB62F9154B006A0084AAFB /* MainMenu.xib in Resources */ = {isa = PBXBuildFile; fileRef = 58BB62F7154B006A0084AAFB /* MainMenu.xib */; };
/* End PBXBuildFile section */

/* Begin PBXFileReference section */
		58BB62DE154B00690084AAFB /* DWSonyMasterTest01.app */ = {isa = PBXFileReference; explicitFileType = wrapper.application; includeInIndex = 0; path = DWSonyMasterTest01.app; sourceTree = BUILT_PRODUCTS_DIR; };
		58BB62E2154B006A0084AAFB /* Cocoa.framework */ = {isa = PBXFileReference; lastKnownFileType = wrapper.framework; name = Cocoa.framework; path = System/Library/Frameworks/Cocoa.framework; sourceTree = SDKROOT; };
		58BB62E5154B006A0084AAFB /* AppKit.framework */ = {isa = PBXFileReference; lastKnownFileType = wrapper.framework; name = AppKit.framework; path = System/Library/Frameworks/AppKit.framework; sourceTree = SDKROOT; };
		58BB62E6154B006A0084AAFB /* CoreData.framework */ = {isa = PBXFileReference; lastKnownFileType = wrapper.framework; name = CoreData.framework; path = System/Library/Frameworks/CoreData.framework; sourceTree = SDKROOT; };
		58BB62E7154B006A0084AAFB /* Foundation.framework */ = {isa = PBXFileReference; lastKnownFileType = wrapper.framework; name = Foundation.framework; path = System/Library/Frameworks/Foundation.framework; sourceTree = SDKROOT; };
		58BB62EA154B006A0084AAFB /* DWSonyMasterTest01-Info.plist */ = {isa = PBXFileReference; path = "DWSonyMasterTest01-Info.plist"; sourceTree = "<group>"; };
		58BB62EC154B006A0084AAFB /* en */ = {isa = PBXFileReference; lastKnownFileType = text.plist.strings; name = en; path = en.lproj/InfoPlist.strings; sourceTree = "<group>"; };
		58BB62EE154B006A0084AAFB /* main.m */ = {isa = PBXFileReference; lastKnownFileType = sourcecode.c.objc; path = main.m; sourceTree = "<group>"; };
		58BB62F0154B006A0084AAFB /* DWSonyMasterTest01-Prefix.pch */ = {isa = PBXFileReference; path = "DWSonyMasterTest01-Prefix.pch"; sourceTree = "<group>"; };
		58BB62F2154B006A0084AAFB /* en */ = {isa = PBXFileReference; lastKnownFileType = text.rtf; name = en; path = en.lproj/Credits.rtf; sourceTree = "<group>"; };
		58BB62F4154B006A0084AAFB /* DWAppDelegate.h */ = {isa = PBXFileReference; path = DWAppDelegate.h; sourceTree = "<group>"; };
		58BB62F5154B006A0084AAFB /* DWAppDelegate.m */ = {isa = PBXFileReference; lastKnownFileType = sourcecode.c.objc; path = DWAppDelegate.m; sourceTree = "<group>"; };
		58BB62F8154B006A0084AAFB /* en */ = {isa = PBXFileReference; lastKnownFileType = file.xib; name = en; path = en.lproj/MainMenu.xib; sourceTree = "<group>"; };
/* End PBXFileReference section */

/* Begin PBXFrameworksBuildPhase section */
		58BB62DB154B00690084AAFB /* Frameworks */ = {
			isa = PBXFrameworksBuildPhase;
			buildActionMask = 2147483647;
			files = (
				58BB62E3154B006A0084AAFB /* Cocoa.framework in Frameworks */,
			);
			runOnlyForDeploymentPostprocessing = 0;
		};
/* End PBXFrameworksBuildPhase section */

/* Begin PBXGroup section */
		58BB62D3154B00690084AAFB = {
			isa = PBXGroup;
			children = (
				58BB62E8154B006A0084AAFB /* DWSonyMasterTest01 */,
				58BB62E1154B00690084AAFB /* Frameworks */,
				58BB62DF154B00690084AAFB /* Products */,
			);
			sourceTree = "<group>";
		};
		58BB62DF154B00690084AAFB /* Products */ = {
			isa = PBXGroup;
			children = (
				58BB62DE154B00690084AAFB /* DWSonyMasterTest01.app */,
			);
			name = Products;
			sourceTree = "<group>";
		};
		58BB62E1154B00690084AAFB /* Frameworks */ = {
			isa = PBXGroup;
			children = (
				58BB62E2154B006A0084AAFB /* Cocoa.framework */,
				58BB62E4154B006A0084AAFB /* Other Frameworks */,
			);
			name = Frameworks;
			sourceTree = "<group>";
		};
		58BB62E4154B006A0084AAFB /* Other Frameworks */ = {
			isa = PBXGroup;
			children = (
				58BB62E5154B006A0084AAFB /* AppKit.framework */,
				58BB62E6154B006A0084AAFB /* CoreData.framework */,
				58BB62E7154B006A0084AAFB /* Foundation.framework */,
			);
			name = "Other Frameworks";
			sourceTree = "<group>";
		};
		58BB62E8154B006A0084AAFB /* DWSonyMasterTest01 */ = {
			isa = PBXGroup;
			children = (
				58BB62F4154B006A0084AAFB /* DWAppDelegate.h */,
				58BB62F5154B006A0084AAFB /* DWAppDelegate.m */,
				58BB62F7154B006A0084AAFB /* MainMenu.xib */,
				58BB62E9154B006A0084AAFB /* Supporting Files */,
			);
			path = DWSonyMasterTest01;
			sourceTree = "<group>";
		};
		58BB62E9154B006A0084AAFB /* Supporting Files */ = {
			isa = PBXGroup;
			children = (
				58BB62EA154B006A0084AAFB /* DWSonyMasterTest01-Info.plist */,
				58BB62EB154B006A0084AAFB /* InfoPlist.strings */,
				58BB62EE154B006A0084AAFB /* main.m */,
				58BB62F0154B006A0084AAFB /* DWSonyMasterTest01-Prefix.pch */,
				58BB62F1154B006A0084AAFB /* Credits.rtf */,
			);
			name = "Supporting Files";
			sourceTree = "<group>";
		};
/* End PBXGroup section */

/* Begin PBXNativeTarget section */
		58BB62DD154B00690084AAFB /* DWSonyMasterTest01 */ = {
			isa = PBXNativeTarget;
			buildConfigurationList = 58BB62FC154B006A0084AAFB /* Build configuration list for PBXNativeTarget "DWSonyMasterTest01" */;
			buildPhases = (
				58BB62DA154B00690084AAFB /* Sources */,
				58BB62DB154B00690084AAFB /* Frameworks */,
				58BB62DC154B00690084AAFB /* Resources */,
			);
			buildRules = (
			);
			dependencies = (
			);
			name = DWSonyMasterTest01;
			productName = DWSonyMasterTest01;
			productReference = 58BB62DE154B00690084AAFB /* DWSonyMasterTest01.app */;
			productType = "com.apple.product-type.application";
		};
/* End PBXNativeTarget section */

/* Begin PBXProject section */
		58BB62D5154B00690084AAFB /* Project object */ = {
			isa = PBXProject;
			attributes = {
				CLASSPREFIX = DW;
				LastUpgradeCheck = 0430;
				ORGANIZATIONNAME = Dubware;
			};
			buildConfigurationList = 58BB62D8154B00690084AAFB /* Build configuration list for PBXProject "DWSonyMasterTest01" */;
			compatibilityVersion = "Xcode 3.2";
			developmentRegion = English;
			hasScannedForEncodings = 0;
			knownRegions = (
				en,
			);
			mainGroup = 58BB62D3154B00690084AAFB;
			productRefGroup = 58BB62DF154B00690084AAFB /* Products */;
			projectDirPath = "";
			projectRoot = "";
			targets = (
				58BB62DD154B00690084AAFB /* DWSonyMasterTest01 */,
			);
		};
/* End PBXProject section */

/* Begin PBXResourcesBuildPhase section */
		58BB62DC154B00690084AAFB /* Resources */ = {
			isa = PBXResourcesBuildPhase;
			buildActionMask = 2147483647;
			files = (
				58BB62ED154B006A0084AAFB /* InfoPlist.strings in Resources */,
				58BB62F3154B006A0084AAFB /* Credits.rtf in Resources */,
				58BB62F9154B006A0084AAFB /* MainMenu.xib in Resources */,
			);
			runOnlyForDeploymentPostprocessing = 0;
		};
/* End PBXResourcesBuildPhase section */

/* Begin PBXSourcesBuildPhase section */
		58BB62DA154B00690084AAFB /* Sources */ = {
			isa = PBXSourcesBuildPhase;
			buildActionMask = 2147483647;
			files = (
				58BB62EF154B006A0084AAFB /* main.m in Sources */,
				58BB62F6154B006A0084AAFB /* DWAppDelegate.m in Sources */,
			);
			runOnlyForDeploymentPostprocessing = 0;
		};
/* End PBXSourcesBuildPhase section */

/* Begin PBXVariantGroup section */
		58BB62EB154B006A0084AAFB /* InfoPlist.strings */ = {
			isa = PBXVariantGroup;
			children = (
				58BB62EC154B006A0084AAFB /* en */,
			);
			name = InfoPlist.strings;
			sourceTree = "<group>";
		};
		58BB62F1154B006A0084AAFB /* Credits.rtf */ = {
			isa = PBXVariantGroup;
			children = (
				58BB62F2154B006A0084AAFB /* en */,
			);
			name = Credits.rtf;
			sourceTree = "<group>";
		};
		58BB62F7154B006A0084AAFB /* MainMenu.xib */ = {
			isa = PBXVariantGroup;
			children = (
				58BB62F8154B006A0084AAFB /* en */,
			);
			name = MainMenu.xib;
			sourceTree = "<group>";
		};
/* End PBXVariantGroup section */

/* Begin XCBuildConfiguration section */
		58BB62FA154B006A0084AAFB /* Debug */ = {
			isa = XCBuildConfiguration;
			buildSettings = {
				ALWAYS_SEARCH_USER_PATHS = NO;
				ARCHS = "$(ARCHS_STANDARD_64_BIT)";
				CLANG_ENABLE_OBJC_ARC = YES;
				COPY_PHASE_STRIP = NO;
				GCC_C_LANGUAGE_STANDARD = gnu99;
				GCC_DYNAMIC_NO_PIC = NO;
				GCC_ENABLE_OBJC_EXCEPTIONS = YES;
				GCC_OPTIMIZATION_LEVEL = 0;
				GCC_PREPROCESSOR_DEFINITIONS = (
					"DEBUG=1",
					"$(inherited)",
				);
				GCC_SYMBOLS_PRIVATE_EXTERN = NO;
				GCC_VERSION = com.apple.compilers.llvm.clang.1_0;
				GCC_WARN_64_TO_32_BIT_CONVERSION = YES;
				GCC_WARN_ABOUT_RETURN_TYPE = YES;
				GCC_WARN_UNINITIALIZED_AUTOS = YES;
				GCC_WARN_UNUSED_VARIABLE = YES;
				MACOSX_DEPLOYMENT_TARGET = 10.7;
				ONLY_ACTIVE_ARCH = YES;
				SDKROOT = macosx;
			};
			name = Debug;
		};
		58BB62FB154B006A0084AAFB /* Release */ = {
			isa = XCBuildConfiguration;
			buildSettings = {
				ALWAYS_SEARCH_USER_PATHS = NO;
				ARCHS = "$(ARCHS_STANDARD_64_BIT)";
				CLANG_ENABLE_OBJC_ARC = YES;
				COPY_PHASE_STRIP = YES;
				DEBUG_INFORMATION_FORMAT = "dwarf-with-dsym";
				GCC_C_LANGUAGE_STANDARD = gnu99;
				GCC_ENABLE_OBJC_EXCEPTIONS = YES;
				GCC_VERSION = com.apple.compilers.llvm.clang.1_0;
				GCC_WARN_64_TO_32_BIT_CONVERSION = YES;
				GCC_WARN_ABOUT_RETURN_TYPE = YES;
				GCC_WARN_UNINITIALIZED_AUTOS = YES;
				GCC_WARN_UNUSED_VARIABLE = YES;
				MACOSX_DEPLOYMENT_TARGET = 10.7;
				SDKROOT = macosx;
			};
			name = Release;
		};
		58BB62FD154B006A0084AAFB /* Debug */ = {
			isa = XCBuildConfiguration;
			buildSettings = {
				GCC_PRECOMPILE_PREFIX_HEADER = YES;
				GCC_PREFIX_HEADER = "DWSonyMasterTest01/DWSonyMasterTest01-Prefix.pch";
				INFOPLIST_FILE = "DWSonyMasterTest01/DWSonyMasterTest01-Info.plist";
				PRODUCT_NAME = "$(TARGET_NAME)";
				WRAPPER_EXTENSION = app;
			};
			name = Debug;
		};
		58BB62FE154B006A0084AAFB /* Release */ = {
			isa = XCBuildConfiguration;
			buildSettings = {
				GCC_PRECOMPILE_PREFIX_HEADER = YES;
				GCC_PREFIX_HEADER = "DWSonyMasterTest01/DWSonyMasterTest01-Prefix.pch";
				INFOPLIST_FILE = "DWSonyMasterTest01/DWSonyMasterTest01-Info.plist";
				PRODUCT_NAME = "$(TARGET_NAME)";
				WRAPPER_EXTENSION = app;
			};
			name = Release;
		};
/* End XCBuildConfiguration section */

/* Begin XCConfigurationList section */
		58BB62D8154B00690084AAFB /* Build configuration list for PBXProject "DWSonyMasterTest01" */ = {
			isa = XCConfigurationList;
			buildConfigurations = (
				58BB62FA154B006A0084AAFB /* Debug */,
				58BB62FB154B006A0084AAFB /* Release */,
			);
			defaultConfigurationIsVisible = 0;
			defaultConfigurationName = Release;
		};
		58BB62FC154B006A0084AAFB /* Build configuration list for PBXNativeTarget "DWSonyMasterTest01" */ = {
			isa = XCConfigurationList;
			buildConfigurations = (
				58BB62FD154B006A0084AAFB /* Debug */,
				58BB62FE154B006A0084AAFB /* Release */,
			);
			defaultConfigurationIsVisible = 0;
		};
/* End XCConfigurationList section */
	};
	rootObject = 58BB62D5154B00690084AAFB /* Project object */;
}
